
Microsoft Visual Studio Solution File, Format Version 12.00
# Visual Studio Version 17
VisualStudioVersion = 17.14.36616.10 d17.14
MinimumVisualStudioVersion = 10.0.40219.1
Project("{FAE04EC0-301F-11D3-BF4B-00C04F79EFBC}") = "FinanceControl", "FinanceControl\FinanceControl.csproj", "{6E97547B-91D8-4E78-813B-B2942DFE34FE}"
EndProject
Global
	GlobalSection(SolutionConfigurationPlatforms) = preSolution
		Debug|Any CPU = Debug|Any CPU
		Release|Any CPU = Release|Any CPU
	EndGlobalSection
	GlobalSection(ProjectConfigurationPlatforms) = postSolution
		{6E97547B-91D8-4E78-813B-B2942DFE34FE}.Debug|Any CPU.ActiveCfg = Debug|Any CPU
		{6E97547B-91D8-4E78-813B-B2942DFE34FE}.Debug|Any CPU.Build.0 = Debug|Any CPU
		{6E97547B-91D8-4E78-813B-B2942DFE34FE}.Release|Any CPU.ActiveCfg = Release|Any CPU
		{6E97547B-91D8-4E78-813B-B2942DFE34FE}.Release|Any CPU.Build.0 = Release|Any CPU
	EndGlobalSection
	GlobalSection(SolutionProperties) = preSolution
		HideSolutionNode = FALSE
	EndGlobalSection
	GlobalSection(ExtensibilityGlobals) = postSolution
		SolutionGuid = {AB2501D0-E13D-43D1-8977-9751A5517A39}
	EndGlobalSection
EndGlobal
